<?xml version="1.0" encoding="utf-8"?>
<Project ToolsVersion="4.0" xmlns="http://schemas.microsoft.com/developer/msbuild/2003">
  <ItemGroup>
    <Filter Include="Source Files">
      <UniqueIdentifier>{be5b139c-32da-4357-9eda-56fe8be3a556}</UniqueIdentifier>
      <Extensions>cpp;c;cxx;rc;def;r;odl;idl;hpj;bat</Extensions>
    </Filter>
    <Filter Include="Header Files">
      <UniqueIdentifier>{61e26556-d8b9-499f-bd77-e8fc1c8c9dc8}</UniqueIdentifier>
      <Extensions>h;hpp;hxx;hm;inl</Extensions>
    </Filter>
    <Filter Include="Resource Files">
      <UniqueIdentifier>{614cb59d-2ce0-4db2-b687-3eb5423af278}</UniqueIdentifier>
      <Extensions>ico;cur;bmp;dlg;rc2;rct;bin;rgs;gif;jpg;jpeg;jpe</Extensions>
    </Filter>
  </ItemGroup>
  <ItemGroup>
    <ClCompile Include="src\compiledict.cpp">
      <Filter>Source Files</Filter>
    </ClCompile>
    <ClCompile Include="src\dictionary.cpp">
      <Filter>Source Files</Filter>
    </ClCompile>
    <ClCompile Include="src\intonation.cpp">
      <Filter>Source Files</Filter>
    </ClCompile>
    <ClCompile Include="src\klatt.cpp">
      <Filter>Source Files</Filter>
    </ClCompile>
    <ClCompile Include="src\sonic.cpp">
      <Filter>Source Files</Filter>
    </ClCompile>
    <ClCompile Include="src\numbers.cpp">
      <Filter>Source Files</Filter>
    </ClCompile>
    <ClCompile Include="src\phonemelist.cpp">
      <Filter>Source Files</Filter>
    </ClCompile>
    <ClCompile Include="src\readclause.cpp">
      <Filter>Source Files</Filter>
    </ClCompile>
    <ClCompile Include="src\setlengths.cpp">
      <Filter>Source Files</Filter>
    </ClCompile>
    <ClCompile Include="src\speak_lib.cpp">
      <Filter>Source Files</Filter>
    </ClCompile>
    <ClCompile Include="StdAfx.cpp">
      <Filter>Source Files</Filter>
    </ClCompile>
    <ClCompile Include="src\synth_mbrola.cpp">
      <Filter>Source Files</Filter>
    </ClCompile>
    <ClCompile Include="src\synthdata.cpp">
      <Filter>Source Files</Filter>
    </ClCompile>
    <ClCompile Include="src\synthesize.cpp">
      <Filter>Source Files</Filter>
    </ClCompile>
    <ClCompile Include="src\tr_languages.cpp">
      <Filter>Source Files</Filter>
    </ClCompile>
    <ClCompile Include="src\translate.cpp">
      <Filter>Source Files</Filter>
    </ClCompile>
    <ClCompile Include="src\voices.cpp">
      <Filter>Source Files</Filter>
    </ClCompile>
    <ClCompile Include="src\wavegen.cpp">
      <Filter>Source Files</Filter>
    </ClCompile>
  </ItemGroup>
  <ItemGroup>
    <ClInclude Include="espeak.h">
      <Filter>Header Files</Filter>
    </ClInclude>
    <ClInclude Include="src\klatt.h">
      <Filter>Header Files</Filter>
    </ClInclude>
    <ClInclude Include="src\sonic.h">
      <Filter>Header Files</Filter>
    </ClInclude>
    <ClInclude Include="src\phoneme.h">
      <Filter>Header Files</Filter>
    </ClInclude>
    <ClInclude Include="src\portaudio.h">
      <Filter>Header Files</Filter>
    </ClInclude>
    <ClInclude Include="src\sintab.h">
      <Filter>Header Files</Filter>
    </ClInclude>
    <ClInclude Include="src\speak_lib.h">
      <Filter>Header Files</Filter>
    </ClInclude>
    <ClInclude Include="src\speech.h">
      <Filter>Header Files</Filter>
    </ClInclude>
    <ClInclude Include="StdAfx.h">
      <Filter>Header Files</Filter>
    </ClInclude>
    <ClInclude Include="src\stdint.h">
      <Filter>Header Files</Filter>
    </ClInclude>
    <ClInclude Include="src\synthesize.h">
      <Filter>Header Files</Filter>
    </ClInclude>
    <ClInclude Include="src\tr_languages.h">
      <Filter>Header Files</Filter>
    </ClInclude>
    <ClInclude Include="src\translate.h">
      <Filter>Header Files</Filter>
    </ClInclude>
    <ClInclude Include="src\voice.h">
      <Filter>Header Files</Filter>
    </ClInclude>
  </ItemGroup>
  <ItemGroup>
    <Text Include="ReadMe.txt" />
  </ItemGroup>
</Project>