
Microsoft Visual Studio Solution File, Format Version 12.00
# Visual Studio Version 16
VisualStudioVersion = 16.0.29911.84
MinimumVisualStudioVersion = 10.0.40219.1
Project("{8BC9CEB8-8B4A-11D0-8D11-00A0C91BC942}") = "espeak", "espeak.vcxproj", "{A415DA29-9CFB-47DA-8F32-D04DDBB21E4B}"
EndProject
Project("{8BC9CEB8-8B4A-11D0-8D11-00A0C91BC942}") = "Project1test", "..\Project1test\Project1test.vcxproj", "{27CC20F7-3D63-47B3-ACCE-A27FB3BB7220}"
EndProject
Global
	GlobalSection(SolutionConfigurationPlatforms) = preSolution
		Debug|x64 = Debug|x64
		Debug|x86 = Debug|x86
		Release|x64 = Release|x64
		Release|x86 = Release|x86
	EndGlobalSection
	GlobalSection(ProjectConfigurationPlatforms) = postSolution
		{A415DA29-9CFB-47DA-8F32-D04DDBB21E4B}.Debug|x64.ActiveCfg = Debug|x64
		{A415DA29-9CFB-47DA-8F32-D04DDBB21E4B}.Debug|x86.ActiveCfg = Debug|Win32
		{A415DA29-9CFB-47DA-8F32-D04DDBB21E4B}.Debug|x86.Build.0 = Debug|Win32
		{A415DA29-9CFB-47DA-8F32-D04DDBB21E4B}.Release|x64.ActiveCfg = Release|Win32
		{A415DA29-9CFB-47DA-8F32-D04DDBB21E4B}.Release|x86.ActiveCfg = Release|Win32
		{A415DA29-9CFB-47DA-8F32-D04DDBB21E4B}.Release|x86.Build.0 = Release|Win32
		{27CC20F7-3D63-47B3-ACCE-A27FB3BB7220}.Debug|x64.ActiveCfg = Debug|x64
		{27CC20F7-3D63-47B3-ACCE-A27FB3BB7220}.Debug|x64.Build.0 = Debug|x64
		{27CC20F7-3D63-47B3-ACCE-A27FB3BB7220}.Debug|x86.ActiveCfg = Debug|Win32
		{27CC20F7-3D63-47B3-ACCE-A27FB3BB7220}.Debug|x86.Build.0 = Debug|Win32
		{27CC20F7-3D63-47B3-ACCE-A27FB3BB7220}.Release|x64.ActiveCfg = Release|x64
		{27CC20F7-3D63-47B3-ACCE-A27FB3BB7220}.Release|x64.Build.0 = Release|x64
		{27CC20F7-3D63-47B3-ACCE-A27FB3BB7220}.Release|x86.ActiveCfg = Release|Win32
		{27CC20F7-3D63-47B3-ACCE-A27FB3BB7220}.Release|x86.Build.0 = Release|Win32
	EndGlobalSection
	GlobalSection(SolutionProperties) = preSolution
		HideSolutionNode = FALSE
	EndGlobalSection
	GlobalSection(ExtensibilityGlobals) = postSolution
		SolutionGuid = {9DB1FB29-FEAD-4585-98D5-33A13B2AB148}
	EndGlobalSection
EndGlobal
